
Microsoft Visual Studio Solution File, Format Version 12.00
# Visual Studio Version 17
VisualStudioVersion = 17.1.32407.343
MinimumVisualStudioVersion = 10.0.40219.1
Project("{2150E333-8FDC-42A3-9474-1A3956D46DE8}") = "Domain", "Domain", "{04171419-5F31-4516-BD1A-3A5C6D67E9E0}"
EndProject
Project("{2150E333-8FDC-42A3-9474-1A3956D46DE8}") = "Api", "Api", "{BBCACE1B-D715-4483-BBA6-E3B37EAE8A8B}"
EndProject
Project("{2150E333-8FDC-42A3-9474-1A3956D46DE8}") = "Framework", "Framework", "{1CC4F4E2-ADEC-4703-BED8-1CBC2AA93B42}"
EndProject
Project("{2150E333-8FDC-42A3-9474-1A3956D46DE8}") = "Infrastructure", "Infrastructure", "{2DF12F6F-9904-45CE-ACAF-160FF8894B5A}"
EndProject
Project("{2150E333-8FDC-42A3-9474-1A3956D46DE8}") = "Resources", "Resources", "{C26DD5C4-3AE8-4571-87D8-80369D7C841E}"
EndProject
Project("{2150E333-8FDC-42A3-9474-1A3956D46DE8}") = "Test", "Test", "{210FD4C0-B22F-4135-A370-4E3FB49DBF5F}"
EndProject
Project("{2150E333-8FDC-42A3-9474-1A3956D46DE8}") = "UI", "UI", "{911F4741-37B0-47A3-8BF6-4E69987EBB99}"
EndProject
Project("{FAE04EC0-301F-11D3-BF4B-00C04F79EFBC}") = "Domain", "Domain\Domain.csproj", "{B3356CB1-459C-4B48-BECE-9875B18A3C99}"
EndProject
Project("{FAE04EC0-301F-11D3-BF4B-00C04F79EFBC}") = "RJ.EntityFrameworkCore", "RJ.EntityFrameworkCore\RJ.EntityFrameworkCore.csproj", "{DA6719F7-0FBF-49CA-A6CB-08630216161D}"
EndProject
Project("{FAE04EC0-301F-11D3-BF4B-00C04F79EFBC}") = "Application", "Application\Application.csproj", "{70AD7D07-9C92-44EE-8A7E-4E985FE49220}"
EndProject
Project("{FAE04EC0-301F-11D3-BF4B-00C04F79EFBC}") = "Resources", "Resources\Resources.csproj", "{87AB1887-30CB-4815-9E10-433DE51DCA3B}"
EndProject
Project("{FAE04EC0-301F-11D3-BF4B-00C04F79EFBC}") = "Persistence", "Persistence\Persistence.csproj", "{A103BA2A-BE00-4689-B4A6-3F8144B540B5}"
EndProject
Project("{FAE04EC0-301F-11D3-BF4B-00C04F79EFBC}") = "ViewModels", "ViewModels\ViewModels.csproj", "{2557A191-C158-4225-8CF0-39177AE3C5A9}"
EndProject
Global
	GlobalSection(SolutionConfigurationPlatforms) = preSolution
		Debug|Any CPU = Debug|Any CPU
		Release|Any CPU = Release|Any CPU
	EndGlobalSection
	GlobalSection(ProjectConfigurationPlatforms) = postSolution
		{B3356CB1-459C-4B48-BECE-9875B18A3C99}.Debug|Any CPU.ActiveCfg = Debug|Any CPU
		{B3356CB1-459C-4B48-BECE-9875B18A3C99}.Debug|Any CPU.Build.0 = Debug|Any CPU
		{B3356CB1-459C-4B48-BECE-9875B18A3C99}.Release|Any CPU.ActiveCfg = Release|Any CPU
		{B3356CB1-459C-4B48-BECE-9875B18A3C99}.Release|Any CPU.Build.0 = Release|Any CPU
		{DA6719F7-0FBF-49CA-A6CB-08630216161D}.Debug|Any CPU.ActiveCfg = Debug|Any CPU
		{DA6719F7-0FBF-49CA-A6CB-08630216161D}.Debug|Any CPU.Build.0 = Debug|Any CPU
		{DA6719F7-0FBF-49CA-A6CB-08630216161D}.Release|Any CPU.ActiveCfg = Release|Any CPU
		{DA6719F7-0FBF-49CA-A6CB-08630216161D}.Release|Any CPU.Build.0 = Release|Any CPU
		{70AD7D07-9C92-44EE-8A7E-4E985FE49220}.Debug|Any CPU.ActiveCfg = Debug|Any CPU
		{70AD7D07-9C92-44EE-8A7E-4E985FE49220}.Debug|Any CPU.Build.0 = Debug|Any CPU
		{70AD7D07-9C92-44EE-8A7E-4E985FE49220}.Release|Any CPU.ActiveCfg = Release|Any CPU
		{70AD7D07-9C92-44EE-8A7E-4E985FE49220}.Release|Any CPU.Build.0 = Release|Any CPU
		{87AB1887-30CB-4815-9E10-433DE51DCA3B}.Debug|Any CPU.ActiveCfg = Debug|Any CPU
		{87AB1887-30CB-4815-9E10-433DE51DCA3B}.Debug|Any CPU.Build.0 = Debug|Any CPU
		{87AB1887-30CB-4815-9E10-433DE51DCA3B}.Release|Any CPU.ActiveCfg = Release|Any CPU
		{87AB1887-30CB-4815-9E10-433DE51DCA3B}.Release|Any CPU.Build.0 = Release|Any CPU
		{A103BA2A-BE00-4689-B4A6-3F8144B540B5}.Debug|Any CPU.ActiveCfg = Debug|Any CPU
		{A103BA2A-BE00-4689-B4A6-3F8144B540B5}.Debug|Any CPU.Build.0 = Debug|Any CPU
		{A103BA2A-BE00-4689-B4A6-3F8144B540B5}.Release|Any CPU.ActiveCfg = Release|Any CPU
		{A103BA2A-BE00-4689-B4A6-3F8144B540B5}.Release|Any CPU.Build.0 = Release|Any CPU
		{2557A191-C158-4225-8CF0-39177AE3C5A9}.Debug|Any CPU.ActiveCfg = Debug|Any CPU
		{2557A191-C158-4225-8CF0-39177AE3C5A9}.Debug|Any CPU.Build.0 = Debug|Any CPU
		{2557A191-C158-4225-8CF0-39177AE3C5A9}.Release|Any CPU.ActiveCfg = Release|Any CPU
		{2557A191-C158-4225-8CF0-39177AE3C5A9}.Release|Any CPU.Build.0 = Release|Any CPU
	EndGlobalSection
	GlobalSection(SolutionProperties) = preSolution
		HideSolutionNode = FALSE
	EndGlobalSection
	GlobalSection(NestedProjects) = preSolution
		{B3356CB1-459C-4B48-BECE-9875B18A3C99} = {04171419-5F31-4516-BD1A-3A5C6D67E9E0}
		{DA6719F7-0FBF-49CA-A6CB-08630216161D} = {1CC4F4E2-ADEC-4703-BED8-1CBC2AA93B42}
		{70AD7D07-9C92-44EE-8A7E-4E985FE49220} = {2DF12F6F-9904-45CE-ACAF-160FF8894B5A}
		{87AB1887-30CB-4815-9E10-433DE51DCA3B} = {C26DD5C4-3AE8-4571-87D8-80369D7C841E}
		{A103BA2A-BE00-4689-B4A6-3F8144B540B5} = {2DF12F6F-9904-45CE-ACAF-160FF8894B5A}
		{2557A191-C158-4225-8CF0-39177AE3C5A9} = {2DF12F6F-9904-45CE-ACAF-160FF8894B5A}
	EndGlobalSection
	GlobalSection(ExtensibilityGlobals) = postSolution
		SolutionGuid = {E4D5C5A9-3CE2-455F-96B2-0040F4ADA8CC}
	EndGlobalSection
EndGlobal
